
Microsoft Visual Studio Solution File, Format Version 12.00
# Visual Studio 2012
Project("{FAE04EC0-301F-11D3-BF4B-00C04F79EFBC}") = "激光扫描雷达", "激光扫描雷达\激光扫描雷达.csproj", "{452CEE80-1835-4E26-B980-3A84E7BAF92A}"
EndProject
Global
	GlobalSection(SolutionConfigurationPlatforms) = preSolution
		Debug|Any CPU = Debug|Any CPU
		Release|Any CPU = Release|Any CPU
	EndGlobalSection
	GlobalSection(ProjectConfigurationPlatforms) = postSolution
		{452CEE80-1835-4E26-B980-3A84E7BAF92A}.Debug|Any CPU.ActiveCfg = Debug|Any CPU
		{452CEE80-1835-4E26-B980-3A84E7BAF92A}.Debug|Any CPU.Build.0 = Debug|Any CPU
		{452CEE80-1835-4E26-B980-3A84E7BAF92A}.Release|Any CPU.ActiveCfg = Release|Any CPU
		{452CEE80-1835-4E26-B980-3A84E7BAF92A}.Release|Any CPU.Build.0 = Release|Any CPU
	EndGlobalSection
	GlobalSection(SolutionProperties) = preSolution
		HideSolutionNode = FALSE
	EndGlobalSection
EndGlobal
